{
  "pins" : [
    {
      "identity" : "face-detection-retinaface-apple",
      "kind" : "remoteSourceControl",
      "location" : "https://github.com/AppliedRecognition/Face-Detection-RetinaFace-Apple",
      "state" : {
        "revision" : "4e953f0212c94e0f9794bcd75d1243396f5aae10",
        "version" : "1.0.4"
      }
    },
    {
      "identity" : "ver-id-common-types-apple",
      "kind" : "remoteSourceControl",
      "location" : "https://github.com/AppliedRecognition/Ver-ID-Common-Types-Apple.git",
      "state" : {
        "revision" : "2ca2404344966ef1feb18b5b676beb51138a7792",
        "version" : "3.0.0"
      }
    }
  ],
  "version" : 2
}
